
Microsoft Visual Studio Solution File, Format Version 12.00
# Visual Studio 15
Project("{FAE04EC0-301F-11D3-BF4B-00C04F79EFBC}") = "Assembly-CSharp", "Assembly-CSharp.csproj", "{6FDA18ED-FEFB-C7FE-1DED-9D6780CF54C6}"
EndProject
Project("{FAE04EC0-301F-11D3-BF4B-00C04F79EFBC}") = "Assembly-CSharp-firstpass", "Assembly-CSharp-firstpass.csproj", "{395EDE1F-67CC-E6ED-2BDE-BD7DAEB24B52}"
EndProject
Project("{FAE04EC0-301F-11D3-BF4B-00C04F79EFBC}") = "Assembly-CSharp-Editor-firstpass", "Assembly-CSharp-Editor-firstpass.csproj", "{FBCB8155-0851-F98B-99DD-4C95DE6F40D2}"
EndProject
Global
	GlobalSection(SolutionConfigurationPlatforms) = preSolution
		Debug|Any CPU = Debug|Any CPU
		Release|Any CPU = Release|Any CPU
	EndGlobalSection
	GlobalSection(ProjectConfigurationPlatforms) = postSolution
		{6FDA18ED-FEFB-C7FE-1DED-9D6780CF54C6}.Debug|Any CPU.ActiveCfg = Debug|Any CPU
		{6FDA18ED-FEFB-C7FE-1DED-9D6780CF54C6}.Debug|Any CPU.Build.0 = Debug|Any CPU
		{6FDA18ED-FEFB-C7FE-1DED-9D6780CF54C6}.Release|Any CPU.ActiveCfg = Release|Any CPU
		{6FDA18ED-FEFB-C7FE-1DED-9D6780CF54C6}.Release|Any CPU.Build.0 = Release|Any CPU
		{395EDE1F-67CC-E6ED-2BDE-BD7DAEB24B52}.Debug|Any CPU.ActiveCfg = Debug|Any CPU
		{395EDE1F-67CC-E6ED-2BDE-BD7DAEB24B52}.Debug|Any CPU.Build.0 = Debug|Any CPU
		{395EDE1F-67CC-E6ED-2BDE-BD7DAEB24B52}.Release|Any CPU.ActiveCfg = Release|Any CPU
		{395EDE1F-67CC-E6ED-2BDE-BD7DAEB24B52}.Release|Any CPU.Build.0 = Release|Any CPU
		{FBCB8155-0851-F98B-99DD-4C95DE6F40D2}.Debug|Any CPU.ActiveCfg = Debug|Any CPU
		{FBCB8155-0851-F98B-99DD-4C95DE6F40D2}.Debug|Any CPU.Build.0 = Debug|Any CPU
		{FBCB8155-0851-F98B-99DD-4C95DE6F40D2}.Release|Any CPU.ActiveCfg = Release|Any CPU
		{FBCB8155-0851-F98B-99DD-4C95DE6F40D2}.Release|Any CPU.Build.0 = Release|Any CPU
	EndGlobalSection
	GlobalSection(SolutionProperties) = preSolution
		HideSolutionNode = FALSE
	EndGlobalSection
EndGlobal
